{
    "hash": "fe644295f9c06a2317f3022161fa3e29",
    "packages": [
        {
            "package": "fp/lightopenid",
            "version": "dev-master",
            "source-reference": "ad14146f9c93e90699888e150427aca431dc3c18",
            "commit-date": "1333528791"
        },
        {
            "package": "smarty/smarty",
            "version": "v3.1.11"
        }
    ],
    "packages-dev": null,
    "aliases": [

    ],
    "minimum-stability": "dev",
    "stability-flags": {
        "smarty/smarty": 0,
        "fp/lightopenid": 20,
        "behat/behat": 0
    }
}
